
Microsoft Visual Studio Solution File, Format Version 12.00
# Visual Studio 2012
Project("{FAE04EC0-301F-11D3-BF4B-00C04F79EFBC}") = "DynamicLTSV", "DynamicLTSV\DynamicLTSV.csproj", "{3CE40AF6-2B36-47FC-A7BB-948400B54A2D}"
EndProject
Project("{FAE04EC0-301F-11D3-BF4B-00C04F79EFBC}") = "DynamicLTSV.Test", "DynamicLTSV.Test\DynamicLTSV.Test.csproj", "{80414D9D-8894-4BEC-91D3-B3E838221798}"
EndProject
Project("{FAE04EC0-301F-11D3-BF4B-00C04F79EFBC}") = "DynamicLTSVSample", "DynamicLTSVSample\DynamicLTSVSample.csproj", "{16A73BD3-0AA2-4146-9204-0727167AD8F2}"
EndProject
Project("{2150E333-8FDC-42A3-9474-1A3956D46DE8}") = "doc", "doc", "{0D59C586-F93F-4D5E-A821-1A0E26C50711}"
	ProjectSection(SolutionItems) = preProject
		README.md = README.md
	EndProjectSection
EndProject
Project("{2150E333-8FDC-42A3-9474-1A3956D46DE8}") = "NuGet", "NuGet", "{5EED4701-C445-4A05-8C04-4EC157F56165}"
	ProjectSection(SolutionItems) = preProject
		NuGet\DynamicLTSV.nuspec = NuGet\DynamicLTSV.nuspec
		NuGet\pack.bat = NuGet\pack.bat
		NuGet\push.bat = NuGet\push.bat
	EndProjectSection
EndProject
Global
	GlobalSection(SolutionConfigurationPlatforms) = preSolution
		Debug|Any CPU = Debug|Any CPU
		Release|Any CPU = Release|Any CPU
	EndGlobalSection
	GlobalSection(ProjectConfigurationPlatforms) = postSolution
		{3CE40AF6-2B36-47FC-A7BB-948400B54A2D}.Debug|Any CPU.ActiveCfg = Debug|Any CPU
		{3CE40AF6-2B36-47FC-A7BB-948400B54A2D}.Debug|Any CPU.Build.0 = Debug|Any CPU
		{3CE40AF6-2B36-47FC-A7BB-948400B54A2D}.Release|Any CPU.ActiveCfg = Release|Any CPU
		{3CE40AF6-2B36-47FC-A7BB-948400B54A2D}.Release|Any CPU.Build.0 = Release|Any CPU
		{80414D9D-8894-4BEC-91D3-B3E838221798}.Debug|Any CPU.ActiveCfg = Debug|Any CPU
		{80414D9D-8894-4BEC-91D3-B3E838221798}.Debug|Any CPU.Build.0 = Debug|Any CPU
		{80414D9D-8894-4BEC-91D3-B3E838221798}.Release|Any CPU.ActiveCfg = Release|Any CPU
		{80414D9D-8894-4BEC-91D3-B3E838221798}.Release|Any CPU.Build.0 = Release|Any CPU
		{16A73BD3-0AA2-4146-9204-0727167AD8F2}.Debug|Any CPU.ActiveCfg = Debug|Any CPU
		{16A73BD3-0AA2-4146-9204-0727167AD8F2}.Debug|Any CPU.Build.0 = Debug|Any CPU
		{16A73BD3-0AA2-4146-9204-0727167AD8F2}.Release|Any CPU.ActiveCfg = Release|Any CPU
		{16A73BD3-0AA2-4146-9204-0727167AD8F2}.Release|Any CPU.Build.0 = Release|Any CPU
	EndGlobalSection
	GlobalSection(SolutionProperties) = preSolution
		HideSolutionNode = FALSE
	EndGlobalSection
EndGlobal
